
Microsoft Visual Studio Solution File, Format Version 12.00
# Visual Studio Version 16
VisualStudioVersion = 16.0.30011.22
MinimumVisualStudioVersion = 10.0.40219.1
Project("{FAE04EC0-301F-11D3-BF4B-00C04F79EFBC}") = "CarReview", "CarReview\CarReview.csproj", "{4647D1BB-4334-4CFE-B7B3-ADAAD4CB68F3}"
EndProject
Project("{FAE04EC0-301F-11D3-BF4B-00C04F79EFBC}") = "CarReviewTests", "CarReviewTests\CarReviewTests.csproj", "{2CD96943-345A-4705-BEC3-67433563104B}"
EndProject
Global
	GlobalSection(SolutionConfigurationPlatforms) = preSolution
		Debug|Any CPU = Debug|Any CPU
		Release|Any CPU = Release|Any CPU
	EndGlobalSection
	GlobalSection(ProjectConfigurationPlatforms) = postSolution
		{4647D1BB-4334-4CFE-B7B3-ADAAD4CB68F3}.Debug|Any CPU.ActiveCfg = Debug|Any CPU
		{4647D1BB-4334-4CFE-B7B3-ADAAD4CB68F3}.Debug|Any CPU.Build.0 = Debug|Any CPU
		{4647D1BB-4334-4CFE-B7B3-ADAAD4CB68F3}.Release|Any CPU.ActiveCfg = Release|Any CPU
		{4647D1BB-4334-4CFE-B7B3-ADAAD4CB68F3}.Release|Any CPU.Build.0 = Release|Any CPU
		{2CD96943-345A-4705-BEC3-67433563104B}.Debug|Any CPU.ActiveCfg = Debug|Any CPU
		{2CD96943-345A-4705-BEC3-67433563104B}.Debug|Any CPU.Build.0 = Debug|Any CPU
		{2CD96943-345A-4705-BEC3-67433563104B}.Release|Any CPU.ActiveCfg = Release|Any CPU
		{2CD96943-345A-4705-BEC3-67433563104B}.Release|Any CPU.Build.0 = Release|Any CPU
	EndGlobalSection
	GlobalSection(SolutionProperties) = preSolution
		HideSolutionNode = FALSE
	EndGlobalSection
	GlobalSection(ExtensibilityGlobals) = postSolution
		SolutionGuid = {4E7CE2E5-A1BF-4944-A484-E3EAF35054B4}
	EndGlobalSection
EndGlobal
